// !$*UTF8*$!
{
	archiveVersion = 1;
	classes = {
	};
	objectVersion = 46;
	objects = {

/* Begin PBXBuildFile section */
		725454161F37F6980030B486 /* main.m in Sources */ = {isa = PBXBuildFile; fileRef = 725454151F37F6980030B486 /* main.m */; };
		725454191F37F6980030B486 /* AppDelegate.m in Sources */ = {isa = PBXBuildFile; fileRef = 725454181F37F6980030B486 /* AppDelegate.m */; };
		7254541C1F37F6980030B486 /* ViewController.m in Sources */ = {isa = PBXBuildFile; fileRef = 7254541B1F37F6980030B486 /* ViewController.m */; };
		7254541F1F37F6980030B486 /* Main.storyboard in Resources */ = {isa = PBXBuildFile; fileRef = 7254541D1F37F6980030B486 /* Main.storyboard */; };
		725454211F37F6980030B486 /* Assets.xcassets in Resources */ = {isa = PBXBuildFile; fileRef = 725454201F37F6980030B486 /* Assets.xcassets */; };
		725454241F37F6980030B486 /* LaunchScreen.storyboard in Resources */ = {isa = PBXBuildFile; fileRef = 725454221F37F6980030B486 /* LaunchScreen.storyboard */; };
		7254542F1F37F6980030B486 /* PagingControllerDemoTests.m in Sources */ = {isa = PBXBuildFile; fileRef = 7254542E1F37F6980030B486 /* PagingControllerDemoTests.m */; };
		7254543A1F37F6980030B486 /* PagingControllerDemoUITests.m in Sources */ = {isa = PBXBuildFile; fileRef = 725454391F37F6980030B486 /* PagingControllerDemoUITests.m */; };
		7254544A1F37F7520030B486 /* PagingMenuView.m in Sources */ = {isa = PBXBuildFile; fileRef = 725454491F37F7520030B486 /* PagingMenuView.m */; };
		7254544D1F383F430030B486 /* SubView.m in Sources */ = {isa = PBXBuildFile; fileRef = 7254544C1F383F430030B486 /* SubView.m */; };
/* End PBXBuildFile section */

/* Begin PBXContainerItemProxy section */
		7254542B1F37F6980030B486 /* PBXContainerItemProxy */ = {
			isa = PBXContainerItemProxy;
			containerPortal = 725454091F37F6980030B486 /* Project object */;
			proxyType = 1;
			remoteGlobalIDString = 725454101F37F6980030B486;
			remoteInfo = PagingControllerDemo;
		};
		725454361F37F6980030B486 /* PBXContainerItemProxy */ = {
			isa = PBXContainerItemProxy;
			containerPortal = 725454091F37F6980030B486 /* Project object */;
			proxyType = 1;
			remoteGlobalIDString = 725454101F37F6980030B486;
			remoteInfo = PagingControllerDemo;
		};
/* End PBXContainerItemProxy section */

/* Begin PBXFileReference section */
		725454111F37F6980030B486 /* PagingControllerDemo.app */ = {isa = PBXFileReference; explicitFileType = wrapper.application; includeInIndex = 0; path = PagingControllerDemo.app; sourceTree = BUILT_PRODUCTS_DIR; };
		725454151F37F6980030B486 /* main.m */ = {isa = PBXFileReference; lastKnownFileType = sourcecode.c.objc; path = main.m; sourceTree = "<group>"; };
		725454171F37F6980030B486 /* AppDelegate.h */ = {isa = PBXFileReference; lastKnownFileType = sourcecode.c.h; path = AppDelegate.h; sourceTree = "<group>"; };
		725454181F37F6980030B486 /* AppDelegate.m */ = {isa = PBXFileReference; lastKnownFileType = sourcecode.c.objc; path = AppDelegate.m; sourceTree = "<group>"; };
		7254541A1F37F6980030B486 /* ViewController.h */ = {isa = PBXFileReference; lastKnownFileType = sourcecode.c.h; path = ViewController.h; sourceTree = "<group>"; };
		7254541B1F37F6980030B486 /* ViewController.m */ = {isa = PBXFileReference; lastKnownFileType = sourcecode.c.objc; path = ViewController.m; sourceTree = "<group>"; };
		7254541E1F37F6980030B486 /* Base */ = {isa = PBXFileReference; lastKnownFileType = file.storyboard; name = Base; path = Base.lproj/Main.storyboard; sourceTree = "<group>"; };
		725454201F37F6980030B486 /* Assets.xcassets */ = {isa = PBXFileReference; lastKnownFileType = folder.assetcatalog; path = Assets.xcassets; sourceTree = "<group>"; };
		725454231F37F6980030B486 /* Base */ = {isa = PBXFileReference; lastKnownFileType = file.storyboard; name = Base; path = Base.lproj/LaunchScreen.storyboard; sourceTree = "<group>"; };
		725454251F37F6980030B486 /* Info.plist */ = {isa = PBXFileReference; lastKnownFileType = text.plist.xml; path = Info.plist; sourceTree = "<group>"; };
		7254542A1F37F6980030B486 /* PagingControllerDemoTests.xctest */ = {isa = PBXFileReference; explicitFileType = wrapper.cfbundle; includeInIndex = 0; path = PagingControllerDemoTests.xctest; sourceTree = BUILT_PRODUCTS_DIR; };
		7254542E1F37F6980030B486 /* PagingControllerDemoTests.m */ = {isa = PBXFileReference; lastKnownFileType = sourcecode.c.objc; path = PagingControllerDemoTests.m; sourceTree = "<group>"; };
		725454301F37F6980030B486 /* Info.plist */ = {isa = PBXFileReference; lastKnownFileType = text.plist.xml; path = Info.plist; sourceTree = "<group>"; };
		725454351F37F6980030B486 /* PagingControllerDemoUITests.xctest */ = {isa = PBXFileReference; explicitFileType = wrapper.cfbundle; includeInIndex = 0; path = PagingControllerDemoUITests.xctest; sourceTree = BUILT_PRODUCTS_DIR; };
		725454391F37F6980030B486 /* PagingControllerDemoUITests.m */ = {isa = PBXFileReference; lastKnownFileType = sourcecode.c.objc; path = PagingControllerDemoUITests.m; sourceTree = "<group>"; };
		7254543B1F37F6980030B486 /* Info.plist */ = {isa = PBXFileReference; lastKnownFileType = text.plist.xml; path = Info.plist; sourceTree = "<group>"; };
		725454481F37F7520030B486 /* PagingMenuView.h */ = {isa = PBXFileReference; fileEncoding = 4; lastKnownFileType = sourcecode.c.h; path = PagingMenuView.h; sourceTree = "<group>"; };
		725454491F37F7520030B486 /* PagingMenuView.m */ = {isa = PBXFileReference; fileEncoding = 4; lastKnownFileType = sourcecode.c.objc; path = PagingMenuView.m; sourceTree = "<group>"; };
		7254544B1F383F430030B486 /* SubView.h */ = {isa = PBXFileReference; fileEncoding = 4; lastKnownFileType = sourcecode.c.h; path = SubView.h; sourceTree = "<group>"; };
		7254544C1F383F430030B486 /* SubView.m */ = {isa = PBXFileReference; fileEncoding = 4; lastKnownFileType = sourcecode.c.objc; path = SubView.m; sourceTree = "<group>"; };
/* End PBXFileReference section */

/* Begin PBXFrameworksBuildPhase section */
		7254540E1F37F6980030B486 /* Frameworks */ = {
			isa = PBXFrameworksBuildPhase;
			buildActionMask = 2147483647;
			files = (
			);
			runOnlyForDeploymentPostprocessing = 0;
		};
		725454271F37F6980030B486 /* Frameworks */ = {
			isa = PBXFrameworksBuildPhase;
			buildActionMask = 2147483647;
			files = (
			);
			runOnlyForDeploymentPostprocessing = 0;
		};
		725454321F37F6980030B486 /* Frameworks */ = {
			isa = PBXFrameworksBuildPhase;
			buildActionMask = 2147483647;
			files = (
			);
			runOnlyForDeploymentPostprocessing = 0;
		};
/* End PBXFrameworksBuildPhase section */

/* Begin PBXGroup section */
		725454081F37F6980030B486 = {
			isa = PBXGroup;
			children = (
				725454471F37F7130030B486 /* LCPagingMenuController */,
				725454131F37F6980030B486 /* PagingControllerDemo */,
				7254542D1F37F6980030B486 /* PagingControllerDemoTests */,
				725454381F37F6980030B486 /* PagingControllerDemoUITests */,
				725454121F37F6980030B486 /* Products */,
			);
			sourceTree = "<group>";
		};
		725454121F37F6980030B486 /* Products */ = {
			isa = PBXGroup;
			children = (
				725454111F37F6980030B486 /* PagingControllerDemo.app */,
				7254542A1F37F6980030B486 /* PagingControllerDemoTests.xctest */,
				725454351F37F6980030B486 /* PagingControllerDemoUITests.xctest */,
			);
			name = Products;
			sourceTree = "<group>";
		};
		725454131F37F6980030B486 /* PagingControllerDemo */ = {
			isa = PBXGroup;
			children = (
				725454171F37F6980030B486 /* AppDelegate.h */,
				725454181F37F6980030B486 /* AppDelegate.m */,
				7254541A1F37F6980030B486 /* ViewController.h */,
				7254541B1F37F6980030B486 /* ViewController.m */,
				7254541D1F37F6980030B486 /* Main.storyboard */,
				725454201F37F6980030B486 /* Assets.xcassets */,
				725454221F37F6980030B486 /* LaunchScreen.storyboard */,
				725454251F37F6980030B486 /* Info.plist */,
				725454141F37F6980030B486 /* Supporting Files */,
				7254544B1F383F430030B486 /* SubView.h */,
				7254544C1F383F430030B486 /* SubView.m */,
			);
			path = PagingControllerDemo;
			sourceTree = "<group>";
		};
		725454141F37F6980030B486 /* Supporting Files */ = {
			isa = PBXGroup;
			children = (
				725454151F37F6980030B486 /* main.m */,
			);
			name = "Supporting Files";
			sourceTree = "<group>";
		};
		7254542D1F37F6980030B486 /* PagingControllerDemoTests */ = {
			isa = PBXGroup;
			children = (
				7254542E1F37F6980030B486 /* PagingControllerDemoTests.m */,
				725454301F37F6980030B486 /* Info.plist */,
			);
			path = PagingControllerDemoTests;
			sourceTree = "<group>";
		};
		725454381F37F6980030B486 /* PagingControllerDemoUITests */ = {
			isa = PBXGroup;
			children = (
				725454391F37F6980030B486 /* PagingControllerDemoUITests.m */,
				7254543B1F37F6980030B486 /* Info.plist */,
			);
			path = PagingControllerDemoUITests;
			sourceTree = "<group>";
		};
		725454471F37F7130030B486 /* LCPagingMenuController */ = {
			isa = PBXGroup;
			children = (
				725454481F37F7520030B486 /* PagingMenuView.h */,
				725454491F37F7520030B486 /* PagingMenuView.m */,
			);
			path = LCPagingMenuController;
			sourceTree = "<group>";
		};
/* End PBXGroup section */

/* Begin PBXNativeTarget section */
		725454101F37F6980030B486 /* PagingControllerDemo */ = {
			isa = PBXNativeTarget;
			buildConfigurationList = 7254543E1F37F6980030B486 /* Build configuration list for PBXNativeTarget "PagingControllerDemo" */;
			buildPhases = (
				7254540D1F37F6980030B486 /* Sources */,
				7254540E1F37F6980030B486 /* Frameworks */,
				7254540F1F37F6980030B486 /* Resources */,
			);
			buildRules = (
			);
			dependencies = (
			);
			name = PagingControllerDemo;
			productName = PagingControllerDemo;
			productReference = 725454111F37F6980030B486 /* PagingControllerDemo.app */;
			productType = "com.apple.product-type.application";
		};
		725454291F37F6980030B486 /* PagingControllerDemoTests */ = {
			isa = PBXNativeTarget;
			buildConfigurationList = 725454411F37F6980030B486 /* Build configuration list for PBXNativeTarget "PagingControllerDemoTests" */;
			buildPhases = (
				725454261F37F6980030B486 /* Sources */,
				725454271F37F6980030B486 /* Frameworks */,
				725454281F37F6980030B486 /* Resources */,
			);
			buildRules = (
			);
			dependencies = (
				7254542C1F37F6980030B486 /* PBXTargetDependency */,
			);
			name = PagingControllerDemoTests;
			productName = PagingControllerDemoTests;
			productReference = 7254542A1F37F6980030B486 /* PagingControllerDemoTests.xctest */;
			productType = "com.apple.product-type.bundle.unit-test";
		};
		725454341F37F6980030B486 /* PagingControllerDemoUITests */ = {
			isa = PBXNativeTarget;
			buildConfigurationList = 725454441F37F6980030B486 /* Build configuration list for PBXNativeTarget "PagingControllerDemoUITests" */;
			buildPhases = (
				725454311F37F6980030B486 /* Sources */,
				725454321F37F6980030B486 /* Frameworks */,
				725454331F37F6980030B486 /* Resources */,
			);
			buildRules = (
			);
			dependencies = (
				725454371F37F6980030B486 /* PBXTargetDependency */,
			);
			name = PagingControllerDemoUITests;
			productName = PagingControllerDemoUITests;
			productReference = 725454351F37F6980030B486 /* PagingControllerDemoUITests.xctest */;
			productType = "com.apple.product-type.bundle.ui-testing";
		};
/* End PBXNativeTarget section */

/* Begin PBXProject section */
		725454091F37F6980030B486 /* Project object */ = {
			isa = PBXProject;
			attributes = {
				LastUpgradeCheck = 0830;
				ORGANIZATIONNAME = Zgmanhui;
				TargetAttributes = {
					725454101F37F6980030B486 = {
						CreatedOnToolsVersion = 8.3.3;
						DevelopmentTeam = 75TU6G6GNQ;
						ProvisioningStyle = Automatic;
					};
					725454291F37F6980030B486 = {
						CreatedOnToolsVersion = 8.3.3;
						DevelopmentTeam = 75TU6G6GNQ;
						ProvisioningStyle = Automatic;
						TestTargetID = 725454101F37F6980030B486;
					};
					725454341F37F6980030B486 = {
						CreatedOnToolsVersion = 8.3.3;
						DevelopmentTeam = 75TU6G6GNQ;
						ProvisioningStyle = Automatic;
						TestTargetID = 725454101F37F6980030B486;
					};
				};
			};
			buildConfigurationList = 7254540C1F37F6980030B486 /* Build configuration list for PBXProject "PagingControllerDemo" */;
			compatibilityVersion = "Xcode 3.2";
			developmentRegion = English;
			hasScannedForEncodings = 0;
			knownRegions = (
				en,
				Base,
			);
			mainGroup = 725454081F37F6980030B486;
			productRefGroup = 725454121F37F6980030B486 /* Products */;
			projectDirPath = "";
			projectRoot = "";
			targets = (
				725454101F37F6980030B486 /* PagingControllerDemo */,
				725454291F37F6980030B486 /* PagingControllerDemoTests */,
				725454341F37F6980030B486 /* PagingControllerDemoUITests */,
			);
		};
/* End PBXProject section */

/* Begin PBXResourcesBuildPhase section */
		7254540F1F37F6980030B486 /* Resources */ = {
			isa = PBXResourcesBuildPhase;
			buildActionMask = 2147483647;
			files = (
				725454241F37F6980030B486 /* LaunchScreen.storyboard in Resources */,
				725454211F37F6980030B486 /* Assets.xcassets in Resources */,
				7254541F1F37F6980030B486 /* Main.storyboard in Resources */,
			);
			runOnlyForDeploymentPostprocessing = 0;
		};
		725454281F37F6980030B486 /* Resources */ = {
			isa = PBXResourcesBuildPhase;
			buildActionMask = 2147483647;
			files = (
			);
			runOnlyForDeploymentPostprocessing = 0;
		};
		725454331F37F6980030B486 /* Resources */ = {
			isa = PBXResourcesBuildPhase;
			buildActionMask = 2147483647;
			files = (
			);
			runOnlyForDeploymentPostprocessing = 0;
		};
/* End PBXResourcesBuildPhase section */

/* Begin PBXSourcesBuildPhase section */
		7254540D1F37F6980030B486 /* Sources */ = {
			isa = PBXSourcesBuildPhase;
			buildActionMask = 2147483647;
			files = (
				7254541C1F37F6980030B486 /* ViewController.m in Sources */,
				7254544A1F37F7520030B486 /* PagingMenuView.m in Sources */,
				725454191F37F6980030B486 /* AppDelegate.m in Sources */,
				725454161F37F6980030B486 /* main.m in Sources */,
				7254544D1F383F430030B486 /* SubView.m in Sources */,
			);
			runOnlyForDeploymentPostprocessing = 0;
		};
		725454261F37F6980030B486 /* Sources */ = {
			isa = PBXSourcesBuildPhase;
			buildActionMask = 2147483647;
			files = (
				7254542F1F37F6980030B486 /* PagingControllerDemoTests.m in Sources */,
			);
			runOnlyForDeploymentPostprocessing = 0;
		};
		725454311F37F6980030B486 /* Sources */ = {
			isa = PBXSourcesBuildPhase;
			buildActionMask = 2147483647;
			files = (
				7254543A1F37F6980030B486 /* PagingControllerDemoUITests.m in Sources */,
			);
			runOnlyForDeploymentPostprocessing = 0;
		};
/* End PBXSourcesBuildPhase section */

/* Begin PBXTargetDependency section */
		7254542C1F37F6980030B486 /* PBXTargetDependency */ = {
			isa = PBXTargetDependency;
			target = 725454101F37F6980030B486 /* PagingControllerDemo */;
			targetProxy = 7254542B1F37F6980030B486 /* PBXContainerItemProxy */;
		};
		725454371F37F6980030B486 /* PBXTargetDependency */ = {
			isa = PBXTargetDependency;
			target = 725454101F37F6980030B486 /* PagingControllerDemo */;
			targetProxy = 725454361F37F6980030B486 /* PBXContainerItemProxy */;
		};
/* End PBXTargetDependency section */

/* Begin PBXVariantGroup section */
		7254541D1F37F6980030B486 /* Main.storyboard */ = {
			isa = PBXVariantGroup;
			children = (
				7254541E1F37F6980030B486 /* Base */,
			);
			name = Main.storyboard;
			sourceTree = "<group>";
		};
		725454221F37F6980030B486 /* LaunchScreen.storyboard */ = {
			isa = PBXVariantGroup;
			children = (
				725454231F37F6980030B486 /* Base */,
			);
			name = LaunchScreen.storyboard;
			sourceTree = "<group>";
		};
/* End PBXVariantGroup section */

/* Begin XCBuildConfiguration section */
		7254543C1F37F6980030B486 /* Debug */ = {
			isa = XCBuildConfiguration;
			buildSettings = {
				ALWAYS_SEARCH_USER_PATHS = NO;
				CLANG_ANALYZER_NONNULL = YES;
				CLANG_ANALYZER_NUMBER_OBJECT_CONVERSION = YES_AGGRESSIVE;
				CLANG_CXX_LANGUAGE_STANDARD = "gnu++0x";
				CLANG_CXX_LIBRARY = "libc++";
				CLANG_ENABLE_MODULES = YES;
				CLANG_ENABLE_OBJC_ARC = YES;
				CLANG_WARN_BOOL_CONVERSION = YES;
				CLANG_WARN_CONSTANT_CONVERSION = YES;
				CLANG_WARN_DIRECT_OBJC_ISA_USAGE = YES_ERROR;
				CLANG_WARN_DOCUMENTATION_COMMENTS = YES;
				CLANG_WARN_EMPTY_BODY = YES;
				CLANG_WARN_ENUM_CONVERSION = YES;
				CLANG_WARN_INFINITE_RECURSION = YES;
				CLANG_WARN_INT_CONVERSION = YES;
				CLANG_WARN_OBJC_ROOT_CLASS = YES_ERROR;
				CLANG_WARN_SUSPICIOUS_MOVE = YES;
				CLANG_WARN_UNREACHABLE_CODE = YES;
				CLANG_WARN__DUPLICATE_METHOD_MATCH = YES;
				"CODE_SIGN_IDENTITY[sdk=iphoneos*]" = "iPhone Developer";
				COPY_PHASE_STRIP = NO;
				DEBUG_INFORMATION_FORMAT = dwarf;
				ENABLE_STRICT_OBJC_MSGSEND = YES;
				ENABLE_TESTABILITY = YES;
				GCC_C_LANGUAGE_STANDARD = gnu99;
				GCC_DYNAMIC_NO_PIC = NO;
				GCC_NO_COMMON_BLOCKS = YES;
				GCC_OPTIMIZATION_LEVEL = 0;
				GCC_PREPROCESSOR_DEFINITIONS = (
					"DEBUG=1",
					"$(inherited)",
				);
				GCC_WARN_64_TO_32_BIT_CONVERSION = YES;
				GCC_WARN_ABOUT_RETURN_TYPE = YES_ERROR;
				GCC_WARN_UNDECLARED_SELECTOR = YES;
				GCC_WARN_UNINITIALIZED_AUTOS = YES_AGGRESSIVE;
				GCC_WARN_UNUSED_FUNCTION = YES;
				GCC_WARN_UNUSED_VARIABLE = YES;
				IPHONEOS_DEPLOYMENT_TARGET = 10.3;
				MTL_ENABLE_DEBUG_INFO = YES;
				ONLY_ACTIVE_ARCH = YES;
				SDKROOT = iphoneos;
			};
			name = Debug;
		};
		7254543D1F37F6980030B486 /* Release */ = {
			isa = XCBuildConfiguration;
			buildSettings = {
				ALWAYS_SEARCH_USER_PATHS = NO;
				CLANG_ANALYZER_NONNULL = YES;
				CLANG_ANALYZER_NUMBER_OBJECT_CONVERSION = YES_AGGRESSIVE;
				CLANG_CXX_LANGUAGE_STANDARD = "gnu++0x";
				CLANG_CXX_LIBRARY = "libc++";
				CLANG_ENABLE_MODULES = YES;
				CLANG_ENABLE_OBJC_ARC = YES;
				CLANG_WARN_BOOL_CONVERSION = YES;
				CLANG_WARN_CONSTANT_CONVERSION = YES;
				CLANG_WARN_DIRECT_OBJC_ISA_USAGE = YES_ERROR;
				CLANG_WARN_DOCUMENTATION_COMMENTS = YES;
				CLANG_WARN_EMPTY_BODY = YES;
				CLANG_WARN_ENUM_CONVERSION = YES;
				CLANG_WARN_INFINITE_RECURSION = YES;
				CLANG_WARN_INT_CONVERSION = YES;
				CLANG_WARN_OBJC_ROOT_CLASS = YES_ERROR;
				CLANG_WARN_SUSPICIOUS_MOVE = YES;
				CLANG_WARN_UNREACHABLE_CODE = YES;
				CLANG_WARN__DUPLICATE_METHOD_MATCH = YES;
				"CODE_SIGN_IDENTITY[sdk=iphoneos*]" = "iPhone Developer";
				COPY_PHASE_STRIP = NO;
				DEBUG_INFORMATION_FORMAT = "dwarf-with-dsym";
				ENABLE_NS_ASSERTIONS = NO;
				ENABLE_STRICT_OBJC_MSGSEND = YES;
				GCC_C_LANGUAGE_STANDARD = gnu99;
				GCC_NO_COMMON_BLOCKS = YES;
				GCC_WARN_64_TO_32_BIT_CONVERSION = YES;
				GCC_WARN_ABOUT_RETURN_TYPE = YES_ERROR;
				GCC_WARN_UNDECLARED_SELECTOR = YES;
				GCC_WARN_UNINITIALIZED_AUTOS = YES_AGGRESSIVE;
				GCC_WARN_UNUSED_FUNCTION = YES;
				GCC_WARN_UNUSED_VARIABLE = YES;
				IPHONEOS_DEPLOYMENT_TARGET = 10.3;
				MTL_ENABLE_DEBUG_INFO = NO;
				SDKROOT = iphoneos;
				VALIDATE_PRODUCT = YES;
			};
			name = Release;
		};
		7254543F1F37F6980030B486 /* Debug */ = {
			isa = XCBuildConfiguration;
			buildSettings = {
				ASSETCATALOG_COMPILER_APPICON_NAME = AppIcon;
				DEVELOPMENT_TEAM = 75TU6G6GNQ;
				INFOPLIST_FILE = PagingControllerDemo/Info.plist;
				LD_RUNPATH_SEARCH_PATHS = "$(inherited) @executable_path/Frameworks";
				PRODUCT_BUNDLE_IDENTIFIER = Manji.PagingControllerDemo;
				PRODUCT_NAME = "$(TARGET_NAME)";
			};
			name = Debug;
		};
		725454401F37F6980030B486 /* Release */ = {
			isa = XCBuildConfiguration;
			buildSettings = {
				ASSETCATALOG_COMPILER_APPICON_NAME = AppIcon;
				DEVELOPMENT_TEAM = 75TU6G6GNQ;
				INFOPLIST_FILE = PagingControllerDemo/Info.plist;
				LD_RUNPATH_SEARCH_PATHS = "$(inherited) @executable_path/Frameworks";
				PRODUCT_BUNDLE_IDENTIFIER = Manji.PagingControllerDemo;
				PRODUCT_NAME = "$(TARGET_NAME)";
			};
			name = Release;
		};
		725454421F37F6980030B486 /* Debug */ = {
			isa = XCBuildConfiguration;
			buildSettings = {
				BUNDLE_LOADER = "$(TEST_HOST)";
				DEVELOPMENT_TEAM = 75TU6G6GNQ;
				INFOPLIST_FILE = PagingControllerDemoTests/Info.plist;
				LD_RUNPATH_SEARCH_PATHS = "$(inherited) @executable_path/Frameworks @loader_path/Frameworks";
				PRODUCT_BUNDLE_IDENTIFIER = Manji.PagingControllerDemoTests;
				PRODUCT_NAME = "$(TARGET_NAME)";
				TEST_HOST = "$(BUILT_PRODUCTS_DIR)/PagingControllerDemo.app/PagingControllerDemo";
			};
			name = Debug;
		};
		725454431F37F6980030B486 /* Release */ = {
			isa = XCBuildConfiguration;
			buildSettings = {
				BUNDLE_LOADER = "$(TEST_HOST)";
				DEVELOPMENT_TEAM = 75TU6G6GNQ;
				INFOPLIST_FILE = PagingControllerDemoTests/Info.plist;
				LD_RUNPATH_SEARCH_PATHS = "$(inherited) @executable_path/Frameworks @loader_path/Frameworks";
				PRODUCT_BUNDLE_IDENTIFIER = Manji.PagingControllerDemoTests;
				PRODUCT_NAME = "$(TARGET_NAME)";
				TEST_HOST = "$(BUILT_PRODUCTS_DIR)/PagingControllerDemo.app/PagingControllerDemo";
			};
			name = Release;
		};
		725454451F37F6980030B486 /* Debug */ = {
			isa = XCBuildConfiguration;
			buildSettings = {
				DEVELOPMENT_TEAM = 75TU6G6GNQ;
				INFOPLIST_FILE = PagingControllerDemoUITests/Info.plist;
				LD_RUNPATH_SEARCH_PATHS = "$(inherited) @executable_path/Frameworks @loader_path/Frameworks";
				PRODUCT_BUNDLE_IDENTIFIER = Manji.PagingControllerDemoUITests;
				PRODUCT_NAME = "$(TARGET_NAME)";
				TEST_TARGET_NAME = PagingControllerDemo;
			};
			name = Debug;
		};
		725454461F37F6980030B486 /* Release */ = {
			isa = XCBuildConfiguration;
			buildSettings = {
				DEVELOPMENT_TEAM = 75TU6G6GNQ;
				INFOPLIST_FILE = PagingControllerDemoUITests/Info.plist;
				LD_RUNPATH_SEARCH_PATHS = "$(inherited) @executable_path/Frameworks @loader_path/Frameworks";
				PRODUCT_BUNDLE_IDENTIFIER = Manji.PagingControllerDemoUITests;
				PRODUCT_NAME = "$(TARGET_NAME)";
				TEST_TARGET_NAME = PagingControllerDemo;
			};
			name = Release;
		};
/* End XCBuildConfiguration section */

/* Begin XCConfigurationList section */
		7254540C1F37F6980030B486 /* Build configuration list for PBXProject "PagingControllerDemo" */ = {
			isa = XCConfigurationList;
			buildConfigurations = (
				7254543C1F37F6980030B486 /* Debug */,
				7254543D1F37F6980030B486 /* Release */,
			);
			defaultConfigurationIsVisible = 0;
			defaultConfigurationName = Release;
		};
		7254543E1F37F6980030B486 /* Build configuration list for PBXNativeTarget "PagingControllerDemo" */ = {
			isa = XCConfigurationList;
			buildConfigurations = (
				7254543F1F37F6980030B486 /* Debug */,
				725454401F37F6980030B486 /* Release */,
			);
			defaultConfigurationIsVisible = 0;
		};
		725454411F37F6980030B486 /* Build configuration list for PBXNativeTarget "PagingControllerDemoTests" */ = {
			isa = XCConfigurationList;
			buildConfigurations = (
				725454421F37F6980030B486 /* Debug */,
				725454431F37F6980030B486 /* Release */,
			);
			defaultConfigurationIsVisible = 0;
		};
		725454441F37F6980030B486 /* Build configuration list for PBXNativeTarget "PagingControllerDemoUITests" */ = {
			isa = XCConfigurationList;
			buildConfigurations = (
				725454451F37F6980030B486 /* Debug */,
				725454461F37F6980030B486 /* Release */,
			);
			defaultConfigurationIsVisible = 0;
		};
/* End XCConfigurationList section */
	};
	rootObject = 725454091F37F6980030B486 /* Project object */;
}
